
Microsoft Visual Studio Solution File, Format Version 12.00
# Visual Studio 14
VisualStudioVersion = 14.0.24720.0
MinimumVisualStudioVersion = 10.0.40219.1
Project("{FAE04EC0-301F-11D3-BF4B-00C04F79EFBC}") = "UpdateStatisticsParser", "UpdateStatisticsParser\UpdateStatisticsParser.csproj", "{A2C69829-6521-4676-AD6A-98EB1DB5373E}"
EndProject
Project("{FAE04EC0-301F-11D3-BF4B-00C04F79EFBC}") = "UpdateStatisticsParserLib", "UpdateStatisticsParserLib\UpdateStatisticsParserLib.csproj", "{12BECA4D-E3BE-4952-9CF0-678C1CC453E3}"
EndProject
Global
	GlobalSection(SolutionConfigurationPlatforms) = preSolution
		Debug|Any CPU = Debug|Any CPU
		Release|Any CPU = Release|Any CPU
	EndGlobalSection
	GlobalSection(ProjectConfigurationPlatforms) = postSolution
		{A2C69829-6521-4676-AD6A-98EB1DB5373E}.Debug|Any CPU.ActiveCfg = Debug|Any CPU
		{A2C69829-6521-4676-AD6A-98EB1DB5373E}.Debug|Any CPU.Build.0 = Debug|Any CPU
		{A2C69829-6521-4676-AD6A-98EB1DB5373E}.Release|Any CPU.ActiveCfg = Release|Any CPU
		{A2C69829-6521-4676-AD6A-98EB1DB5373E}.Release|Any CPU.Build.0 = Release|Any CPU
		{12BECA4D-E3BE-4952-9CF0-678C1CC453E3}.Debug|Any CPU.ActiveCfg = Debug|Any CPU
		{12BECA4D-E3BE-4952-9CF0-678C1CC453E3}.Debug|Any CPU.Build.0 = Debug|Any CPU
		{12BECA4D-E3BE-4952-9CF0-678C1CC453E3}.Release|Any CPU.ActiveCfg = Release|Any CPU
		{12BECA4D-E3BE-4952-9CF0-678C1CC453E3}.Release|Any CPU.Build.0 = Release|Any CPU
	EndGlobalSection
	GlobalSection(SolutionProperties) = preSolution
		HideSolutionNode = FALSE
	EndGlobalSection
EndGlobal
